
Microsoft Visual Studio Solution File, Format Version 12.00
# Visual Studio Version 17
VisualStudioVersion = 17.2.32630.192
MinimumVisualStudioVersion = 10.0.40219.1
Project("{FAE04EC0-301F-11D3-BF4B-00C04F79EFBC}") = "Indexers", "Indexers\Indexers.csproj", "{0DDCBFFC-4CCC-4724-8EF5-D7EBC0512E85}"
EndProject
Project("{FAE04EC0-301F-11D3-BF4B-00C04F79EFBC}") = "KontrMatrix", "KontrMatrix\KontrMatrix.csproj", "{28F69D5D-40FF-4809-8B7F-DDC6ACA607D0}"
EndProject
Project("{FAE04EC0-301F-11D3-BF4B-00C04F79EFBC}") = "Params", "Params\Params.csproj", "{9C2950EB-9B76-44AD-8EF0-66D602C1D6E8}"
EndProject
Project("{FAE04EC0-301F-11D3-BF4B-00C04F79EFBC}") = "IndexersBook", "IndexersBook\IndexersBook.csproj", "{77EA42F3-E7CC-46F6-8971-A8475A66754C}"
EndProject
Project("{FAE04EC0-301F-11D3-BF4B-00C04F79EFBC}") = "IndexersNote", "IndexersNote\IndexersNote.csproj", "{53B79955-52F6-428D-8207-BB2A4D4D72C8}"
EndProject
Global
	GlobalSection(SolutionConfigurationPlatforms) = preSolution
		Debug|Any CPU = Debug|Any CPU
		Release|Any CPU = Release|Any CPU
	EndGlobalSection
	GlobalSection(ProjectConfigurationPlatforms) = postSolution
		{0DDCBFFC-4CCC-4724-8EF5-D7EBC0512E85}.Debug|Any CPU.ActiveCfg = Debug|Any CPU
		{0DDCBFFC-4CCC-4724-8EF5-D7EBC0512E85}.Debug|Any CPU.Build.0 = Debug|Any CPU
		{0DDCBFFC-4CCC-4724-8EF5-D7EBC0512E85}.Release|Any CPU.ActiveCfg = Release|Any CPU
		{0DDCBFFC-4CCC-4724-8EF5-D7EBC0512E85}.Release|Any CPU.Build.0 = Release|Any CPU
		{28F69D5D-40FF-4809-8B7F-DDC6ACA607D0}.Debug|Any CPU.ActiveCfg = Debug|Any CPU
		{28F69D5D-40FF-4809-8B7F-DDC6ACA607D0}.Debug|Any CPU.Build.0 = Debug|Any CPU
		{28F69D5D-40FF-4809-8B7F-DDC6ACA607D0}.Release|Any CPU.ActiveCfg = Release|Any CPU
		{28F69D5D-40FF-4809-8B7F-DDC6ACA607D0}.Release|Any CPU.Build.0 = Release|Any CPU
		{9C2950EB-9B76-44AD-8EF0-66D602C1D6E8}.Debug|Any CPU.ActiveCfg = Debug|Any CPU
		{9C2950EB-9B76-44AD-8EF0-66D602C1D6E8}.Debug|Any CPU.Build.0 = Debug|Any CPU
		{9C2950EB-9B76-44AD-8EF0-66D602C1D6E8}.Release|Any CPU.ActiveCfg = Release|Any CPU
		{9C2950EB-9B76-44AD-8EF0-66D602C1D6E8}.Release|Any CPU.Build.0 = Release|Any CPU
		{77EA42F3-E7CC-46F6-8971-A8475A66754C}.Debug|Any CPU.ActiveCfg = Debug|Any CPU
		{77EA42F3-E7CC-46F6-8971-A8475A66754C}.Debug|Any CPU.Build.0 = Debug|Any CPU
		{77EA42F3-E7CC-46F6-8971-A8475A66754C}.Release|Any CPU.ActiveCfg = Release|Any CPU
		{77EA42F3-E7CC-46F6-8971-A8475A66754C}.Release|Any CPU.Build.0 = Release|Any CPU
		{53B79955-52F6-428D-8207-BB2A4D4D72C8}.Debug|Any CPU.ActiveCfg = Debug|Any CPU
		{53B79955-52F6-428D-8207-BB2A4D4D72C8}.Debug|Any CPU.Build.0 = Debug|Any CPU
		{53B79955-52F6-428D-8207-BB2A4D4D72C8}.Release|Any CPU.ActiveCfg = Release|Any CPU
		{53B79955-52F6-428D-8207-BB2A4D4D72C8}.Release|Any CPU.Build.0 = Release|Any CPU
	EndGlobalSection
	GlobalSection(SolutionProperties) = preSolution
		HideSolutionNode = FALSE
	EndGlobalSection
	GlobalSection(ExtensibilityGlobals) = postSolution
		SolutionGuid = {476944EC-2E2B-430E-8A27-9272B413B1AD}
	EndGlobalSection
EndGlobal
